
Microsoft Visual Studio Solution File, Format Version 12.00
# Visual Studio Version 17
VisualStudioVersion = 17.13.35825.156 d17.13
MinimumVisualStudioVersion = 10.0.40219.1
Project("{FAE04EC0-301F-11D3-BF4B-00C04F79EFBC}") = "AT2-WFCadastros", "AT2-WFCadastros\AT2-WFCadastros.csproj", "{93ADD3CF-9832-0D60-4DF1-C20070273C78}"
EndProject
Project("{FAE04EC0-301F-11D3-BF4B-00C04F79EFBC}") = "AT2-CadastroPessoa", "AT2-CadastroPessoa\AT2-CadastroPessoa.csproj", "{2C17AF0B-9191-E3A9-97BF-B15E494BC95A}"
EndProject
Global
	GlobalSection(SolutionConfigurationPlatforms) = preSolution
		Debug|Any CPU = Debug|Any CPU
		Release|Any CPU = Release|Any CPU
	EndGlobalSection
	GlobalSection(ProjectConfigurationPlatforms) = postSolution
		{93ADD3CF-9832-0D60-4DF1-C20070273C78}.Debug|Any CPU.ActiveCfg = Debug|Any CPU
		{93ADD3CF-9832-0D60-4DF1-C20070273C78}.Debug|Any CPU.Build.0 = Debug|Any CPU
		{93ADD3CF-9832-0D60-4DF1-C20070273C78}.Release|Any CPU.ActiveCfg = Release|Any CPU
		{93ADD3CF-9832-0D60-4DF1-C20070273C78}.Release|Any CPU.Build.0 = Release|Any CPU
		{2C17AF0B-9191-E3A9-97BF-B15E494BC95A}.Debug|Any CPU.ActiveCfg = Debug|Any CPU
		{2C17AF0B-9191-E3A9-97BF-B15E494BC95A}.Debug|Any CPU.Build.0 = Debug|Any CPU
		{2C17AF0B-9191-E3A9-97BF-B15E494BC95A}.Release|Any CPU.ActiveCfg = Release|Any CPU
		{2C17AF0B-9191-E3A9-97BF-B15E494BC95A}.Release|Any CPU.Build.0 = Release|Any CPU
	EndGlobalSection
	GlobalSection(SolutionProperties) = preSolution
		HideSolutionNode = FALSE
	EndGlobalSection
	GlobalSection(ExtensibilityGlobals) = postSolution
		SolutionGuid = {78CA9094-00AC-4F1C-BF25-1823406B5625}
	EndGlobalSection
EndGlobal
